<?xml version="1.0" encoding="utf-8"?>
<Project ToolsVersion="4.0" xmlns="http://schemas.microsoft.com/developer/msbuild/2003">
  <ItemGroup>
    <Filter Include="Source Files">
      <UniqueIdentifier>{4FC737F1-C7A5-4376-A066-2A32D752A2FF}</UniqueIdentifier>
      <Extensions>cpp;c;cc;cxx;c++;cppm;ixx;def;odl;idl;hpj;bat;asm;asmx</Extensions>
    </Filter>
    <Filter Include="Header Files">
      <UniqueIdentifier>{93995380-89BD-4b04-88EB-625FBE52EBFB}</UniqueIdentifier>
      <Extensions>h;hh;hpp;hxx;h++;hm;inl;inc;ipp;xsd</Extensions>
    </Filter>
    <Filter Include="Resource Files">
      <UniqueIdentifier>{67DA6AB6-F800-4c08-8B7A-83BB121AAD01}</UniqueIdentifier>
      <Extensions>rc;ico;cur;bmp;dlg;rc2;rct;bin;rgs;gif;jpg;jpeg;jpe;resx;tiff;tif;png;wav;mfcribbon-ms</Extensions>
    </Filter>
    <Filter Include="Header Files\GLFW">
      <UniqueIdentifier>{d8831996-ca57-454a-adf6-dd7949b0dcf3}</UniqueIdentifier>
    </Filter>
    <Filter Include="Header Files\cpputils">
      <UniqueIdentifier>{7a62e4b9-a418-44b3-9812-e385484197aa}</UniqueIdentifier>
    </Filter>
    <Filter Include="Header Files\glh">
      <UniqueIdentifier>{c0387077-cee4-4b73-b15e-029570883773}</UniqueIdentifier>
    </Filter>
    <Filter Include="Header Files\cpputils\windows">
      <UniqueIdentifier>{2b18963b-e800-4bb4-971f-ca452901c0b6}</UniqueIdentifier>
    </Filter>
    <Filter Include="Source Files\glad">
      <UniqueIdentifier>{f53e735f-b64d-4e37-be9e-5eae8f0b67bc}</UniqueIdentifier>
    </Filter>
    <Filter Include="Source Files\glh">
      <UniqueIdentifier>{565539ac-06ee-42cf-b94e-2336b2d152e6}</UniqueIdentifier>
    </Filter>
    <Filter Include="Source Files\glh\classes">
      <UniqueIdentifier>{78eba04a-0270-421b-89a6-3b117379a06a}</UniqueIdentifier>
    </Filter>
    <Filter Include="Header Files\glh\glad">
      <UniqueIdentifier>{2863dd55-1ecb-49cd-a607-9e14566e0bb1}</UniqueIdentifier>
    </Filter>
    <Filter Include="Header Files\glh\glh">
      <UniqueIdentifier>{acd6b860-86a6-429a-a990-3c446f2679d8}</UniqueIdentifier>
    </Filter>
    <Filter Include="Header Files\glh\KHR">
      <UniqueIdentifier>{60f44a29-56dd-4652-8dc6-b014c22df703}</UniqueIdentifier>
    </Filter>
    <Filter Include="Header Files\glh\glh\RFont">
      <UniqueIdentifier>{0f652d0e-df82-43cb-b8cd-8a4518ecadf4}</UniqueIdentifier>
    </Filter>
    <Filter Include="Header Files\glh\glh\classes">
      <UniqueIdentifier>{3aff92ab-144e-4a45-8faf-3f03c7278dca}</UniqueIdentifier>
    </Filter>
  </ItemGroup>
  <ItemGroup>
    <ClInclude Include="include\OpenGLApplication.h">
      <Filter>Header Files</Filter>
    </ClInclude>
    <ClInclude Include="include\GLFW\glfw3.h">
      <Filter>Header Files\GLFW</Filter>
    </ClInclude>
    <ClInclude Include="include\GLFW\glfw3native.h">
      <Filter>Header Files\GLFW</Filter>
    </ClInclude>
    <ClInclude Include="..\extern\cpputils\include\cpputils\InterprocessMutex.h">
      <Filter>Header Files\cpputils</Filter>
    </ClInclude>
    <ClInclude Include="..\extern\cpputils\include\cpputils\InterprocessMutexLockGuard.h">
      <Filter>Header Files\cpputils</Filter>
    </ClInclude>
    <ClInclude Include="..\extern\cpputils\include\cpputils\SharedLibraryLoader.h">
      <Filter>Header Files\cpputils</Filter>
    </ClInclude>
    <ClInclude Include="..\extern\cpputils\include\cpputils\SharedMemory.h">
      <Filter>Header Files\cpputils</Filter>
    </ClInclude>
    <ClInclude Include="..\extern\cpputils\include\cpputils\windows\dwm.h">
      <Filter>Header Files\cpputils\windows</Filter>
    </ClInclude>
    <ClInclude Include="..\extern\cpputils\include\cpputils\windows\handle_utils.h">
      <Filter>Header Files\cpputils\windows</Filter>
    </ClInclude>
    <ClInclude Include="..\extern\glh\include\glad\gl.h">
      <Filter>Header Files\glh\glad</Filter>
    </ClInclude>
    <ClInclude Include="..\extern\glh\include\glad\wgl.h">
      <Filter>Header Files\glh\glad</Filter>
    </ClInclude>
    <ClInclude Include="..\extern\glh\include\glh\functionWrappers.h">
      <Filter>Header Files\glh\glh</Filter>
    </ClInclude>
    <ClInclude Include="..\extern\glh\include\glh\glh.h">
      <Filter>Header Files\glh\glh</Filter>
    </ClInclude>
    <ClInclude Include="..\extern\glh\include\glh\macros.h">
      <Filter>Header Files\glh\glh</Filter>
    </ClInclude>
    <ClInclude Include="..\extern\glh\include\glh\openglapi.h">
      <Filter>Header Files\glh\glh</Filter>
    </ClInclude>
    <ClInclude Include="..\extern\glh\include\glh\utils.h">
      <Filter>Header Files\glh\glh</Filter>
    </ClInclude>
    <ClInclude Include="..\extern\glh\include\glh\font.h">
      <Filter>Header Files\glh\glh</Filter>
    </ClInclude>
    <ClInclude Include="..\extern\glh\include\glh\RFont\DejaVuSans.h">
      <Filter>Header Files\glh\glh\RFont</Filter>
    </ClInclude>
    <ClInclude Include="..\extern\glh\include\glh\RFont\DroidSansJapanese.h">
      <Filter>Header Files\glh\glh\RFont</Filter>
    </ClInclude>
    <ClInclude Include="..\extern\glh\include\glh\RFont\RFont.h">
      <Filter>Header Files\glh\glh\RFont</Filter>
    </ClInclude>
    <ClInclude Include="..\extern\glh\include\glh\classes\D3DInteropTexture2D.h">
      <Filter>Header Files\glh\glh\classes</Filter>
    </ClInclude>
    <ClInclude Include="..\extern\glh\include\glh\classes\Framebuffer.h">
      <Filter>Header Files\glh\glh\classes</Filter>
    </ClInclude>
    <ClInclude Include="..\extern\glh\include\glh\classes\Program.h">
      <Filter>Header Files\glh\glh\classes</Filter>
    </ClInclude>
    <ClInclude Include="..\extern\glh\include\glh\classes\Shader.h">
      <Filter>Header Files\glh\glh\classes</Filter>
    </ClInclude>
    <ClInclude Include="..\extern\glh\include\glh\classes\SharedLibraryLoader.h">
      <Filter>Header Files\glh\glh\classes</Filter>
    </ClInclude>
    <ClInclude Include="..\extern\glh\include\glh\classes\Texture2D.h">
      <Filter>Header Files\glh\glh\classes</Filter>
    </ClInclude>
    <ClInclude Include="..\extern\glh\include\KHR\khrplatform.h">
      <Filter>Header Files\glh\KHR</Filter>
    </ClInclude>
  </ItemGroup>
  <ItemGroup>
    <ClCompile Include="src\main.cpp">
      <Filter>Source Files</Filter>
    </ClCompile>
    <ClCompile Include="src\OpenGLApplication.cpp">
      <Filter>Source Files</Filter>
    </ClCompile>
    <ClCompile Include="..\extern\glh\src\glad\gl.c">
      <Filter>Source Files\glad</Filter>
    </ClCompile>
    <ClCompile Include="..\extern\glh\src\glad\wgl.c">
      <Filter>Source Files\glad</Filter>
    </ClCompile>
    <ClCompile Include="..\extern\glh\src\glh\font.cpp">
      <Filter>Source Files\glh</Filter>
    </ClCompile>
    <ClCompile Include="..\extern\glh\src\glh\classes\D3DInteropTexture2D.cpp">
      <Filter>Source Files\glh\classes</Filter>
    </ClCompile>
    <ClCompile Include="..\extern\glh\src\glh\classes\Framebuffer.cpp">
      <Filter>Source Files\glh\classes</Filter>
    </ClCompile>
    <ClCompile Include="..\extern\glh\src\glh\classes\Program.cpp">
      <Filter>Source Files\glh\classes</Filter>
    </ClCompile>
    <ClCompile Include="..\extern\glh\src\glh\classes\Shader.cpp">
      <Filter>Source Files\glh\classes</Filter>
    </ClCompile>
    <ClCompile Include="..\extern\glh\src\glh\classes\Texture2D.cpp">
      <Filter>Source Files\glh\classes</Filter>
    </ClCompile>
  </ItemGroup>
</Project>